// !$*UTF8*$!
{
	archiveVersion = 1;
	classes = {
	};
	objectVersion = 50;
	objects = {

/* Begin PBXBuildFile section */
		EF824E5520DCE4D80070E9A2 /* AppDelegate.swift in Sources */ = {isa = PBXBuildFile; fileRef = EF824E5420DCE4D80070E9A2 /* AppDelegate.swift */; };
		EF824E5720DCE4D80070E9A2 /* ViewController.swift in Sources */ = {isa = PBXBuildFile; fileRef = EF824E5620DCE4D80070E9A2 /* ViewController.swift */; };
		EF824E5A20DCE4D80070E9A2 /* Main.storyboard in Resources */ = {isa = PBXBuildFile; fileRef = EF824E5820DCE4D80070E9A2 /* Main.storyboard */; };
		EF824E5C20DCE4D90070E9A2 /* Assets.xcassets in Resources */ = {isa = PBXBuildFile; fileRef = EF824E5B20DCE4D90070E9A2 /* Assets.xcassets */; };
		EF824E5F20DCE4D90070E9A2 /* LaunchScreen.storyboard in Resources */ = {isa = PBXBuildFile; fileRef = EF824E5D20DCE4D90070E9A2 /* LaunchScreen.storyboard */; };
		EF824E6A20DCE4D90070E9A2 /* HelloWorldTests.swift in Sources */ = {isa = PBXBuildFile; fileRef = EF824E6920DCE4D90070E9A2 /* HelloWorldTests.swift */; };
		EF824E7520DCE4DA0070E9A2 /* HelloWorldUITests.swift in Sources */ = {isa = PBXBuildFile; fileRef = EF824E7420DCE4DA0070E9A2 /* HelloWorldUITests.swift */; };
/* End PBXBuildFile section */

/* Begin PBXContainerItemProxy section */
		EF824E6620DCE4D90070E9A2 /* PBXContainerItemProxy */ = {
			isa = PBXContainerItemProxy;
			containerPortal = EF824E4920DCE4D80070E9A2 /* Project object */;
			proxyType = 1;
			remoteGlobalIDString = EF824E5020DCE4D80070E9A2;
			remoteInfo = HelloWorld;
		};
		EF824E7120DCE4DA0070E9A2 /* PBXContainerItemProxy */ = {
			isa = PBXContainerItemProxy;
			containerPortal = EF824E4920DCE4D80070E9A2 /* Project object */;
			proxyType = 1;
			remoteGlobalIDString = EF824E5020DCE4D80070E9A2;
			remoteInfo = HelloWorld;
		};
/* End PBXContainerItemProxy section */

/* Begin PBXFileReference section */
		EF824E5120DCE4D80070E9A2 /* HelloWorld.app */ = {isa = PBXFileReference; explicitFileType = wrapper.application; includeInIndex = 0; path = HelloWorld.app; sourceTree = BUILT_PRODUCTS_DIR; };
		EF824E5420DCE4D80070E9A2 /* AppDelegate.swift */ = {isa = PBXFileReference; lastKnownFileType = sourcecode.swift; path = AppDelegate.swift; sourceTree = "<group>"; };
		EF824E5620DCE4D80070E9A2 /* ViewController.swift */ = {isa = PBXFileReference; lastKnownFileType = sourcecode.swift; path = ViewController.swift; sourceTree = "<group>"; };
		EF824E5920DCE4D80070E9A2 /* Base */ = {isa = PBXFileReference; lastKnownFileType = file.storyboard; name = Base; path = Base.lproj/Main.storyboard; sourceTree = "<group>"; };
		EF824E5B20DCE4D90070E9A2 /* Assets.xcassets */ = {isa = PBXFileReference; lastKnownFileType = folder.assetcatalog; path = Assets.xcassets; sourceTree = "<group>"; };
		EF824E5E20DCE4D90070E9A2 /* Base */ = {isa = PBXFileReference; lastKnownFileType = file.storyboard; name = Base; path = Base.lproj/LaunchScreen.storyboard; sourceTree = "<group>"; };
		EF824E6020DCE4D90070E9A2 /* Info.plist */ = {isa = PBXFileReference; lastKnownFileType = text.plist.xml; path = Info.plist; sourceTree = "<group>"; };
		EF824E6520DCE4D90070E9A2 /* HelloWorldTests.xctest */ = {isa = PBXFileReference; explicitFileType = wrapper.cfbundle; includeInIndex = 0; path = HelloWorldTests.xctest; sourceTree = BUILT_PRODUCTS_DIR; };
		EF824E6920DCE4D90070E9A2 /* HelloWorldTests.swift */ = {isa = PBXFileReference; lastKnownFileType = sourcecode.swift; path = HelloWorldTests.swift; sourceTree = "<group>"; };
		EF824E6B20DCE4D90070E9A2 /* Info.plist */ = {isa = PBXFileReference; lastKnownFileType = text.plist.xml; path = Info.plist; sourceTree = "<group>"; };
		EF824E7020DCE4DA0070E9A2 /* HelloWorldUITests.xctest */ = {isa = PBXFileReference; explicitFileType = wrapper.cfbundle; includeInIndex = 0; path = HelloWorldUITests.xctest; sourceTree = BUILT_PRODUCTS_DIR; };
		EF824E7420DCE4DA0070E9A2 /* HelloWorldUITests.swift */ = {isa = PBXFileReference; lastKnownFileType = sourcecode.swift; path = HelloWorldUITests.swift; sourceTree = "<group>"; };
		EF824E7620DCE4DA0070E9A2 /* Info.plist */ = {isa = PBXFileReference; lastKnownFileType = text.plist.xml; path = Info.plist; sourceTree = "<group>"; };
/* End PBXFileReference section */

/* Begin PBXFrameworksBuildPhase section */
		EF824E4E20DCE4D80070E9A2 /* Frameworks */ = {
			isa = PBXFrameworksBuildPhase;
			buildActionMask = 2147483647;
			files = (
			);
			runOnlyForDeploymentPostprocessing = 0;
		};
		EF824E6220DCE4D90070E9A2 /* Frameworks */ = {
			isa = PBXFrameworksBuildPhase;
			buildActionMask = 2147483647;
			files = (
			);
			runOnlyForDeploymentPostprocessing = 0;
		};
		EF824E6D20DCE4DA0070E9A2 /* Frameworks */ = {
			isa = PBXFrameworksBuildPhase;
			buildActionMask = 2147483647;
			files = (
			);
			runOnlyForDeploymentPostprocessing = 0;
		};
/* End PBXFrameworksBuildPhase section */

/* Begin PBXGroup section */
		EF824E4820DCE4D80070E9A2 = {
			isa = PBXGroup;
			children = (
				EF824E5320DCE4D80070E9A2 /* HelloWorld */,
				EF824E6820DCE4D90070E9A2 /* HelloWorldTests */,
				EF824E7320DCE4DA0070E9A2 /* HelloWorldUITests */,
				EF824E5220DCE4D80070E9A2 /* Products */,
			);
			sourceTree = "<group>";
		};
		EF824E5220DCE4D80070E9A2 /* Products */ = {
			isa = PBXGroup;
			children = (
				EF824E5120DCE4D80070E9A2 /* HelloWorld.app */,
				EF824E6520DCE4D90070E9A2 /* HelloWorldTests.xctest */,
				EF824E7020DCE4DA0070E9A2 /* HelloWorldUITests.xctest */,
			);
			name = Products;
			sourceTree = "<group>";
		};
		EF824E5320DCE4D80070E9A2 /* HelloWorld */ = {
			isa = PBXGroup;
			children = (
				EF824E5420DCE4D80070E9A2 /* AppDelegate.swift */,
				EF824E5620DCE4D80070E9A2 /* ViewController.swift */,
				EF824E5820DCE4D80070E9A2 /* Main.storyboard */,
				EF824E5B20DCE4D90070E9A2 /* Assets.xcassets */,
				EF824E5D20DCE4D90070E9A2 /* LaunchScreen.storyboard */,
				EF824E6020DCE4D90070E9A2 /* Info.plist */,
			);
			path = HelloWorld;
			sourceTree = "<group>";
		};
		EF824E6820DCE4D90070E9A2 /* HelloWorldTests */ = {
			isa = PBXGroup;
			children = (
				EF824E6920DCE4D90070E9A2 /* HelloWorldTests.swift */,
				EF824E6B20DCE4D90070E9A2 /* Info.plist */,
			);
			path = HelloWorldTests;
			sourceTree = "<group>";
		};
		EF824E7320DCE4DA0070E9A2 /* HelloWorldUITests */ = {
			isa = PBXGroup;
			children = (
				EF824E7420DCE4DA0070E9A2 /* HelloWorldUITests.swift */,
				EF824E7620DCE4DA0070E9A2 /* Info.plist */,
			);
			path = HelloWorldUITests;
			sourceTree = "<group>";
		};
/* End PBXGroup section */

/* Begin PBXNativeTarget section */
		EF824E5020DCE4D80070E9A2 /* HelloWorld */ = {
			isa = PBXNativeTarget;
			buildConfigurationList = EF824E7920DCE4DA0070E9A2 /* Build configuration list for PBXNativeTarget "HelloWorld" */;
			buildPhases = (
				EF824E4D20DCE4D80070E9A2 /* Sources */,
				EF824E4E20DCE4D80070E9A2 /* Frameworks */,
				EF824E4F20DCE4D80070E9A2 /* Resources */,
			);
			buildRules = (
			);
			dependencies = (
			);
			name = HelloWorld;
			productName = HelloWorld;
			productReference = EF824E5120DCE4D80070E9A2 /* HelloWorld.app */;
			productType = "com.apple.product-type.application";
		};
		EF824E6420DCE4D90070E9A2 /* HelloWorldTests */ = {
			isa = PBXNativeTarget;
			buildConfigurationList = EF824E7C20DCE4DA0070E9A2 /* Build configuration list for PBXNativeTarget "HelloWorldTests" */;
			buildPhases = (
				EF824E6120DCE4D90070E9A2 /* Sources */,
				EF824E6220DCE4D90070E9A2 /* Frameworks */,
				EF824E6320DCE4D90070E9A2 /* Resources */,
			);
			buildRules = (
			);
			dependencies = (
				EF824E6720DCE4D90070E9A2 /* PBXTargetDependency */,
			);
			name = HelloWorldTests;
			productName = HelloWorldTests;
			productReference = EF824E6520DCE4D90070E9A2 /* HelloWorldTests.xctest */;
			productType = "com.apple.product-type.bundle.unit-test";
		};
		EF824E6F20DCE4DA0070E9A2 /* HelloWorldUITests */ = {
			isa = PBXNativeTarget;
			buildConfigurationList = EF824E7F20DCE4DA0070E9A2 /* Build configuration list for PBXNativeTarget "HelloWorldUITests" */;
			buildPhases = (
				EF824E6C20DCE4DA0070E9A2 /* Sources */,
				EF824E6D20DCE4DA0070E9A2 /* Frameworks */,
				EF824E6E20DCE4DA0070E9A2 /* Resources */,
			);
			buildRules = (
			);
			dependencies = (
				EF824E7220DCE4DA0070E9A2 /* PBXTargetDependency */,
			);
			name = HelloWorldUITests;
			productName = HelloWorldUITests;
			productReference = EF824E7020DCE4DA0070E9A2 /* HelloWorldUITests.xctest */;
			productType = "com.apple.product-type.bundle.ui-testing";
		};
/* End PBXNativeTarget section */

/* Begin PBXProject section */
		EF824E4920DCE4D80070E9A2 /* Project object */ = {
			isa = PBXProject;
			attributes = {
				LastSwiftUpdateCheck = 0930;
				LastUpgradeCheck = 0930;
				ORGANIZATIONNAME = "tatsuo sugimoto";
				TargetAttributes = {
					EF824E5020DCE4D80070E9A2 = {
						CreatedOnToolsVersion = 9.3.1;
					};
					EF824E6420DCE4D90070E9A2 = {
						CreatedOnToolsVersion = 9.3.1;
						TestTargetID = EF824E5020DCE4D80070E9A2;
					};
					EF824E6F20DCE4DA0070E9A2 = {
						CreatedOnToolsVersion = 9.3.1;
						TestTargetID = EF824E5020DCE4D80070E9A2;
					};
				};
			};
			buildConfigurationList = EF824E4C20DCE4D80070E9A2 /* Build configuration list for PBXProject "HelloWorld" */;
			compatibilityVersion = "Xcode 9.3";
			developmentRegion = en;
			hasScannedForEncodings = 0;
			knownRegions = (
				en,
				Base,
			);
			mainGroup = EF824E4820DCE4D80070E9A2;
			productRefGroup = EF824E5220DCE4D80070E9A2 /* Products */;
			projectDirPath = "";
			projectRoot = "";
			targets = (
				EF824E5020DCE4D80070E9A2 /* HelloWorld */,
				EF824E6420DCE4D90070E9A2 /* HelloWorldTests */,
				EF824E6F20DCE4DA0070E9A2 /* HelloWorldUITests */,
			);
		};
/* End PBXProject section */

/* Begin PBXResourcesBuildPhase section */
		EF824E4F20DCE4D80070E9A2 /* Resources */ = {
			isa = PBXResourcesBuildPhase;
			buildActionMask = 2147483647;
			files = (
				EF824E5F20DCE4D90070E9A2 /* LaunchScreen.storyboard in Resources */,
				EF824E5C20DCE4D90070E9A2 /* Assets.xcassets in Resources */,
				EF824E5A20DCE4D80070E9A2 /* Main.storyboard in Resources */,
			);
			runOnlyForDeploymentPostprocessing = 0;
		};
		EF824E6320DCE4D90070E9A2 /* Resources */ = {
			isa = PBXResourcesBuildPhase;
			buildActionMask = 2147483647;
			files = (
			);
			runOnlyForDeploymentPostprocessing = 0;
		};
		EF824E6E20DCE4DA0070E9A2 /* Resources */ = {
			isa = PBXResourcesBuildPhase;
			buildActionMask = 2147483647;
			files = (
			);
			runOnlyForDeploymentPostprocessing = 0;
		};
/* End PBXResourcesBuildPhase section */

/* Begin PBXSourcesBuildPhase section */
		EF824E4D20DCE4D80070E9A2 /* Sources */ = {
			isa = PBXSourcesBuildPhase;
			buildActionMask = 2147483647;
			files = (
				EF824E5720DCE4D80070E9A2 /* ViewController.swift in Sources */,
				EF824E5520DCE4D80070E9A2 /* AppDelegate.swift in Sources */,
			);
			runOnlyForDeploymentPostprocessing = 0;
		};
		EF824E6120DCE4D90070E9A2 /* Sources */ = {
			isa = PBXSourcesBuildPhase;
			buildActionMask = 2147483647;
			files = (
				EF824E6A20DCE4D90070E9A2 /* HelloWorldTests.swift in Sources */,
			);
			runOnlyForDeploymentPostprocessing = 0;
		};
		EF824E6C20DCE4DA0070E9A2 /* Sources */ = {
			isa = PBXSourcesBuildPhase;
			buildActionMask = 2147483647;
			files = (
				EF824E7520DCE4DA0070E9A2 /* HelloWorldUITests.swift in Sources */,
			);
			runOnlyForDeploymentPostprocessing = 0;
		};
/* End PBXSourcesBuildPhase section */

/* Begin PBXTargetDependency section */
		EF824E6720DCE4D90070E9A2 /* PBXTargetDependency */ = {
			isa = PBXTargetDependency;
			target = EF824E5020DCE4D80070E9A2 /* HelloWorld */;
			targetProxy = EF824E6620DCE4D90070E9A2 /* PBXContainerItemProxy */;
		};
		EF824E7220DCE4DA0070E9A2 /* PBXTargetDependency */ = {
			isa = PBXTargetDependency;
			target = EF824E5020DCE4D80070E9A2 /* HelloWorld */;
			targetProxy = EF824E7120DCE4DA0070E9A2 /* PBXContainerItemProxy */;
		};
/* End PBXTargetDependency section */

/* Begin PBXVariantGroup section */
		EF824E5820DCE4D80070E9A2 /* Main.storyboard */ = {
			isa = PBXVariantGroup;
			children = (
				EF824E5920DCE4D80070E9A2 /* Base */,
			);
			name = Main.storyboard;
			sourceTree = "<group>";
		};
		EF824E5D20DCE4D90070E9A2 /* LaunchScreen.storyboard */ = {
			isa = PBXVariantGroup;
			children = (
				EF824E5E20DCE4D90070E9A2 /* Base */,
			);
			name = LaunchScreen.storyboard;
			sourceTree = "<group>";
		};
/* End PBXVariantGroup section */

/* Begin XCBuildConfiguration section */
		EF824E7720DCE4DA0070E9A2 /* Debug */ = {
			isa = XCBuildConfiguration;
			buildSettings = {
				ALWAYS_SEARCH_USER_PATHS = NO;
				CLANG_ANALYZER_NONNULL = YES;
				CLANG_ANALYZER_NUMBER_OBJECT_CONVERSION = YES_AGGRESSIVE;
				CLANG_CXX_LANGUAGE_STANDARD = "gnu++14";
				CLANG_CXX_LIBRARY = "libc++";
				CLANG_ENABLE_MODULES = YES;
				CLANG_ENABLE_OBJC_ARC = YES;
				CLANG_ENABLE_OBJC_WEAK = YES;
				CLANG_WARN_BLOCK_CAPTURE_AUTORELEASING = YES;
				CLANG_WARN_BOOL_CONVERSION = YES;
				CLANG_WARN_COMMA = YES;
				CLANG_WARN_CONSTANT_CONVERSION = YES;
				CLANG_WARN_DEPRECATED_OBJC_IMPLEMENTATIONS = YES;
				CLANG_WARN_DIRECT_OBJC_ISA_USAGE = YES_ERROR;
				CLANG_WARN_DOCUMENTATION_COMMENTS = YES;
				CLANG_WARN_EMPTY_BODY = YES;
				CLANG_WARN_ENUM_CONVERSION = YES;
				CLANG_WARN_INFINITE_RECURSION = YES;
				CLANG_WARN_INT_CONVERSION = YES;
				CLANG_WARN_NON_LITERAL_NULL_CONVERSION = YES;
				CLANG_WARN_OBJC_IMPLICIT_RETAIN_SELF = YES;
				CLANG_WARN_OBJC_LITERAL_CONVERSION = YES;
				CLANG_WARN_OBJC_ROOT_CLASS = YES_ERROR;
				CLANG_WARN_RANGE_LOOP_ANALYSIS = YES;
				CLANG_WARN_STRICT_PROTOTYPES = YES;
				CLANG_WARN_SUSPICIOUS_MOVE = YES;
				CLANG_WARN_UNGUARDED_AVAILABILITY = YES_AGGRESSIVE;
				CLANG_WARN_UNREACHABLE_CODE = YES;
				CLANG_WARN__DUPLICATE_METHOD_MATCH = YES;
				CODE_SIGN_IDENTITY = "iPhone Developer";
				COPY_PHASE_STRIP = NO;
				DEBUG_INFORMATION_FORMAT = dwarf;
				ENABLE_STRICT_OBJC_MSGSEND = YES;
				ENABLE_TESTABILITY = YES;
				GCC_C_LANGUAGE_STANDARD = gnu11;
				GCC_DYNAMIC_NO_PIC = NO;
				GCC_NO_COMMON_BLOCKS = YES;
				GCC_OPTIMIZATION_LEVEL = 0;
				GCC_PREPROCESSOR_DEFINITIONS = (
					"DEBUG=1",
					"$(inherited)",
				);
				GCC_WARN_64_TO_32_BIT_CONVERSION = YES;
				GCC_WARN_ABOUT_RETURN_TYPE = YES_ERROR;
				GCC_WARN_UNDECLARED_SELECTOR = YES;
				GCC_WARN_UNINITIALIZED_AUTOS = YES_AGGRESSIVE;
				GCC_WARN_UNUSED_FUNCTION = YES;
				GCC_WARN_UNUSED_VARIABLE = YES;
				IPHONEOS_DEPLOYMENT_TARGET = 11.3;
				MTL_ENABLE_DEBUG_INFO = YES;
				ONLY_ACTIVE_ARCH = YES;
				SDKROOT = iphoneos;
				SWIFT_ACTIVE_COMPILATION_CONDITIONS = DEBUG;
				SWIFT_OPTIMIZATION_LEVEL = "-Onone";
			};
			name = Debug;
		};
		EF824E7820DCE4DA0070E9A2 /* Release */ = {
			isa = XCBuildConfiguration;
			buildSettings = {
				ALWAYS_SEARCH_USER_PATHS = NO;
				CLANG_ANALYZER_NONNULL = YES;
				CLANG_ANALYZER_NUMBER_OBJECT_CONVERSION = YES_AGGRESSIVE;
				CLANG_CXX_LANGUAGE_STANDARD = "gnu++14";
				CLANG_CXX_LIBRARY = "libc++";
				CLANG_ENABLE_MODULES = YES;
				CLANG_ENABLE_OBJC_ARC = YES;
				CLANG_ENABLE_OBJC_WEAK = YES;
				CLANG_WARN_BLOCK_CAPTURE_AUTORELEASING = YES;
				CLANG_WARN_BOOL_CONVERSION = YES;
				CLANG_WARN_COMMA = YES;
				CLANG_WARN_CONSTANT_CONVERSION = YES;
				CLANG_WARN_DEPRECATED_OBJC_IMPLEMENTATIONS = YES;
				CLANG_WARN_DIRECT_OBJC_ISA_USAGE = YES_ERROR;
				CLANG_WARN_DOCUMENTATION_COMMENTS = YES;
				CLANG_WARN_EMPTY_BODY = YES;
				CLANG_WARN_ENUM_CONVERSION = YES;
				CLANG_WARN_INFINITE_RECURSION = YES;
				CLANG_WARN_INT_CONVERSION = YES;
				CLANG_WARN_NON_LITERAL_NULL_CONVERSION = YES;
				CLANG_WARN_OBJC_IMPLICIT_RETAIN_SELF = YES;
				CLANG_WARN_OBJC_LITERAL_CONVERSION = YES;
				CLANG_WARN_OBJC_ROOT_CLASS = YES_ERROR;
				CLANG_WARN_RANGE_LOOP_ANALYSIS = YES;
				CLANG_WARN_STRICT_PROTOTYPES = YES;
				CLANG_WARN_SUSPICIOUS_MOVE = YES;
				CLANG_WARN_UNGUARDED_AVAILABILITY = YES_AGGRESSIVE;
				CLANG_WARN_UNREACHABLE_CODE = YES;
				CLANG_WARN__DUPLICATE_METHOD_MATCH = YES;
				CODE_SIGN_IDENTITY = "iPhone Developer";
				COPY_PHASE_STRIP = NO;
				DEBUG_INFORMATION_FORMAT = "dwarf-with-dsym";
				ENABLE_NS_ASSERTIONS = NO;
				ENABLE_STRICT_OBJC_MSGSEND = YES;
				GCC_C_LANGUAGE_STANDARD = gnu11;
				GCC_NO_COMMON_BLOCKS = YES;
				GCC_WARN_64_TO_32_BIT_CONVERSION = YES;
				GCC_WARN_ABOUT_RETURN_TYPE = YES_ERROR;
				GCC_WARN_UNDECLARED_SELECTOR = YES;
				GCC_WARN_UNINITIALIZED_AUTOS = YES_AGGRESSIVE;
				GCC_WARN_UNUSED_FUNCTION = YES;
				GCC_WARN_UNUSED_VARIABLE = YES;
				IPHONEOS_DEPLOYMENT_TARGET = 11.3;
				MTL_ENABLE_DEBUG_INFO = NO;
				SDKROOT = iphoneos;
				SWIFT_COMPILATION_MODE = wholemodule;
				SWIFT_OPTIMIZATION_LEVEL = "-O";
				VALIDATE_PRODUCT = YES;
			};
			name = Release;
		};
		EF824E7A20DCE4DA0070E9A2 /* Debug */ = {
			isa = XCBuildConfiguration;
			buildSettings = {
				ASSETCATALOG_COMPILER_APPICON_NAME = AppIcon;
				CODE_SIGN_STYLE = Automatic;
				DEVELOPMENT_TEAM = C2DJ792M98;
				INFOPLIST_FILE = HelloWorld/Info.plist;
				IPHONEOS_DEPLOYMENT_TARGET = 11.3;
				LD_RUNPATH_SEARCH_PATHS = (
					"$(inherited)",
					"@executable_path/Frameworks",
				);
				PRODUCT_BUNDLE_IDENTIFIER = jp.techacademy.tatsuo.sugimoto.HelloWorld;
				PRODUCT_NAME = "$(TARGET_NAME)";
				SWIFT_VERSION = 4.0;
				TARGETED_DEVICE_FAMILY = "1,2";
			};
			name = Debug;
		};
		EF824E7B20DCE4DA0070E9A2 /* Release */ = {
			isa = XCBuildConfiguration;
			buildSettings = {
				ASSETCATALOG_COMPILER_APPICON_NAME = AppIcon;
				CODE_SIGN_STYLE = Automatic;
				DEVELOPMENT_TEAM = C2DJ792M98;
				INFOPLIST_FILE = HelloWorld/Info.plist;
				IPHONEOS_DEPLOYMENT_TARGET = 11.3;
				LD_RUNPATH_SEARCH_PATHS = (
					"$(inherited)",
					"@executable_path/Frameworks",
				);
				PRODUCT_BUNDLE_IDENTIFIER = jp.techacademy.tatsuo.sugimoto.HelloWorld;
				PRODUCT_NAME = "$(TARGET_NAME)";
				SWIFT_VERSION = 4.0;
				TARGETED_DEVICE_FAMILY = "1,2";
			};
			name = Release;
		};
		EF824E7D20DCE4DA0070E9A2 /* Debug */ = {
			isa = XCBuildConfiguration;
			buildSettings = {
				ALWAYS_EMBED_SWIFT_STANDARD_LIBRARIES = YES;
				BUNDLE_LOADER = "$(TEST_HOST)";
				CODE_SIGN_STYLE = Automatic;
				INFOPLIST_FILE = HelloWorldTests/Info.plist;
				LD_RUNPATH_SEARCH_PATHS = (
					"$(inherited)",
					"@executable_path/Frameworks",
					"@loader_path/Frameworks",
				);
				PRODUCT_BUNDLE_IDENTIFIER = jp.techacademy.tatsuo.sugimoto.HelloWorldTests;
				PRODUCT_NAME = "$(TARGET_NAME)";
				SWIFT_VERSION = 4.0;
				TARGETED_DEVICE_FAMILY = "1,2";
				TEST_HOST = "$(BUILT_PRODUCTS_DIR)/HelloWorld.app/HelloWorld";
			};
			name = Debug;
		};
		EF824E7E20DCE4DA0070E9A2 /* Release */ = {
			isa = XCBuildConfiguration;
			buildSettings = {
				ALWAYS_EMBED_SWIFT_STANDARD_LIBRARIES = YES;
				BUNDLE_LOADER = "$(TEST_HOST)";
				CODE_SIGN_STYLE = Automatic;
				INFOPLIST_FILE = HelloWorldTests/Info.plist;
				LD_RUNPATH_SEARCH_PATHS = (
					"$(inherited)",
					"@executable_path/Frameworks",
					"@loader_path/Frameworks",
				);
				PRODUCT_BUNDLE_IDENTIFIER = jp.techacademy.tatsuo.sugimoto.HelloWorldTests;
				PRODUCT_NAME = "$(TARGET_NAME)";
				SWIFT_VERSION = 4.0;
				TARGETED_DEVICE_FAMILY = "1,2";
				TEST_HOST = "$(BUILT_PRODUCTS_DIR)/HelloWorld.app/HelloWorld";
			};
			name = Release;
		};
		EF824E8020DCE4DA0070E9A2 /* Debug */ = {
			isa = XCBuildConfiguration;
			buildSettings = {
				ALWAYS_EMBED_SWIFT_STANDARD_LIBRARIES = YES;
				CODE_SIGN_STYLE = Automatic;
				DEVELOPMENT_TEAM = C2DJ792M98;
				INFOPLIST_FILE = HelloWorldUITests/Info.plist;
				LD_RUNPATH_SEARCH_PATHS = (
					"$(inherited)",
					"@executable_path/Frameworks",
					"@loader_path/Frameworks",
				);
				PRODUCT_BUNDLE_IDENTIFIER = jp.techacademy.tatsuo.sugimoto.HelloWorldUITests;
				PRODUCT_NAME = "$(TARGET_NAME)";
				SWIFT_VERSION = 4.0;
				TARGETED_DEVICE_FAMILY = "1,2";
				TEST_TARGET_NAME = HelloWorld;
			};
			name = Debug;
		};
		EF824E8120DCE4DA0070E9A2 /* Release */ = {
			isa = XCBuildConfiguration;
			buildSettings = {
				ALWAYS_EMBED_SWIFT_STANDARD_LIBRARIES = YES;
				CODE_SIGN_STYLE = Automatic;
				DEVELOPMENT_TEAM = C2DJ792M98;
				INFOPLIST_FILE = HelloWorldUITests/Info.plist;
				LD_RUNPATH_SEARCH_PATHS = (
					"$(inherited)",
					"@executable_path/Frameworks",
					"@loader_path/Frameworks",
				);
				PRODUCT_BUNDLE_IDENTIFIER = jp.techacademy.tatsuo.sugimoto.HelloWorldUITests;
				PRODUCT_NAME = "$(TARGET_NAME)";
				SWIFT_VERSION = 4.0;
				TARGETED_DEVICE_FAMILY = "1,2";
				TEST_TARGET_NAME = HelloWorld;
			};
			name = Release;
		};
/* End XCBuildConfiguration section */

/* Begin XCConfigurationList section */
		EF824E4C20DCE4D80070E9A2 /* Build configuration list for PBXProject "HelloWorld" */ = {
			isa = XCConfigurationList;
			buildConfigurations = (
				EF824E7720DCE4DA0070E9A2 /* Debug */,
				EF824E7820DCE4DA0070E9A2 /* Release */,
			);
			defaultConfigurationIsVisible = 0;
			defaultConfigurationName = Release;
		};
		EF824E7920DCE4DA0070E9A2 /* Build configuration list for PBXNativeTarget "HelloWorld" */ = {
			isa = XCConfigurationList;
			buildConfigurations = (
				EF824E7A20DCE4DA0070E9A2 /* Debug */,
				EF824E7B20DCE4DA0070E9A2 /* Release */,
			);
			defaultConfigurationIsVisible = 0;
			defaultConfigurationName = Release;
		};
		EF824E7C20DCE4DA0070E9A2 /* Build configuration list for PBXNativeTarget "HelloWorldTests" */ = {
			isa = XCConfigurationList;
			buildConfigurations = (
				EF824E7D20DCE4DA0070E9A2 /* Debug */,
				EF824E7E20DCE4DA0070E9A2 /* Release */,
			);
			defaultConfigurationIsVisible = 0;
			defaultConfigurationName = Release;
		};
		EF824E7F20DCE4DA0070E9A2 /* Build configuration list for PBXNativeTarget "HelloWorldUITests" */ = {
			isa = XCConfigurationList;
			buildConfigurations = (
				EF824E8020DCE4DA0070E9A2 /* Debug */,
				EF824E8120DCE4DA0070E9A2 /* Release */,
			);
			defaultConfigurationIsVisible = 0;
			defaultConfigurationName = Release;
		};
/* End XCConfigurationList section */
	};
	rootObject = EF824E4920DCE4D80070E9A2 /* Project object */;
}
